
Microsoft Visual Studio Solution File, Format Version 12.00
Project("{FAE04EC0-301F-11D3-BF4B-00C04F79EFBC}") = "MaartenBalliauw.Extensions.Http.Hsts", "MaartenBalliauw.Extensions.Http.Hsts\MaartenBalliauw.Extensions.Http.Hsts.csproj", "{D7C5250F-16FE-4E83-B1DA-1544FB42041E}"
EndProject
Project("{FAE04EC0-301F-11D3-BF4B-00C04F79EFBC}") = "MaartenBalliauw.Extensions.Http.Hsts.Tests", "MaartenBalliauw.Extensions.Http.Hsts.Tests\MaartenBalliauw.Extensions.Http.Hsts.Tests.csproj", "{E955F57B-9CBD-4604-9105-A0F29C59F7FD}"
EndProject
Global
	GlobalSection(SolutionConfigurationPlatforms) = preSolution
		Debug|Any CPU = Debug|Any CPU
		Release|Any CPU = Release|Any CPU
	EndGlobalSection
	GlobalSection(ProjectConfigurationPlatforms) = postSolution
		{D7C5250F-16FE-4E83-B1DA-1544FB42041E}.Debug|Any CPU.ActiveCfg = Debug|Any CPU
		{D7C5250F-16FE-4E83-B1DA-1544FB42041E}.Debug|Any CPU.Build.0 = Debug|Any CPU
		{D7C5250F-16FE-4E83-B1DA-1544FB42041E}.Release|Any CPU.ActiveCfg = Release|Any CPU
		{D7C5250F-16FE-4E83-B1DA-1544FB42041E}.Release|Any CPU.Build.0 = Release|Any CPU
		{E955F57B-9CBD-4604-9105-A0F29C59F7FD}.Debug|Any CPU.ActiveCfg = Debug|Any CPU
		{E955F57B-9CBD-4604-9105-A0F29C59F7FD}.Debug|Any CPU.Build.0 = Debug|Any CPU
		{E955F57B-9CBD-4604-9105-A0F29C59F7FD}.Release|Any CPU.ActiveCfg = Release|Any CPU
		{E955F57B-9CBD-4604-9105-A0F29C59F7FD}.Release|Any CPU.Build.0 = Release|Any CPU
	EndGlobalSection
EndGlobal
